schema: '2.0'
stages:
  catalogs:
    cmd: python scripts/01_download_sih_catalogs.py
    deps:
    - path: conf/sources.yaml
      hash: md5
      md5: 16b6df13d4b6c8c089db15ae9f1c11b5
      size: 10712
    - path: scripts/01_download_sih_catalogs.py
      hash: md5
      md5: 98601b776c35ae13d0a3d9c902b2ebc8
      size: 1034
    outs:
    - path: data/raw/sih
      hash: md5
      md5: 9da6c84333defa37c48d23a0abc9dc65.dir
      size: 928941
      nfiles: 2
  select_stations:
    cmd: python scripts/05_select_stations.py
    deps:
    - path: conf/cuencas_piloto.yaml
      hash: md5
      md5: 6f55054c8b156e9d31b39296a15250fc
      size: 3534
    - path: data/raw/sih
      hash: md5
      md5: 9da6c84333defa37c48d23a0abc9dc65.dir
      size: 928941
      nfiles: 2
    - path: scripts/05_select_stations.py
      hash: md5
      md5: b4b337700a58826e5788d19ed9818490
      size: 5521
    outs:
    - path: data/processed/estaciones_candidatas_climatologicas.csv
      hash: md5
      md5: e82c0b3e9fdf16dc13f67c1835f7da22
      size: 257891
    - path: data/processed/estaciones_candidatas_hidrometricas.csv
      hash: md5
      md5: 410f9480591f6f6fe475a9c63990ac27
      size: 44645
  download_series_hidro:
    cmd: python scripts/03_download_sih_series.py --tipo hidrometricas
    deps:
    - path: data/processed/estaciones_candidatas_hidrometricas.csv
      hash: md5
      md5: 410f9480591f6f6fe475a9c63990ac27
      size: 44645
    - path: scripts/03_download_sih_series.py
      hash: md5
      md5: 66d73cf5a18466c9ff860ae49573b05a
      size: 1536
    outs:
    - path: data/raw/sih_series/hidrometricas
      hash: md5
      md5: fff92fa722c2d3c3f77649068ceae4e8.dir
      size: 181680906
      nfiles: 547
  download_series_clima:
    cmd: python scripts/03_download_sih_series.py --tipo climatologicas
    deps:
    - path: data/processed/estaciones_candidatas_climatologicas.csv
      hash: md5
      md5: e82c0b3e9fdf16dc13f67c1835f7da22
      size: 257891
    - path: scripts/03_download_sih_series.py
      hash: md5
      md5: 66d73cf5a18466c9ff860ae49573b05a
      size: 1536
    outs:
    - path: data/raw/sih_series/climatologicas
      hash: md5
      md5: c8e85094312007484c234c33a8c36464.dir
      size: 1595922588
      nfiles: 2659
  build_canonical_hidro:
    cmd: python scripts/04_build_canonical.py --tipo hidrometricas
    deps:
    - path: data/raw/sih_series/hidrometricas
      hash: md5
      md5: fff92fa722c2d3c3f77649068ceae4e8.dir
      size: 181680906
      nfiles: 547
    - path: scripts/04_build_canonical.py
      hash: md5
      md5: 9542cdfed071d11ceadca7c7591c2218
      size: 2747
    - path: src/hidroxai_mx
      hash: md5
      md5: 632c9a98297b06811dfc5cd35a9369b8.dir
      size: 148528
      nfiles: 32
    outs:
    - path: data/processed/series_hidrometricas.parquet
      hash: md5
      md5: 909194c0d4d7ccba9f9b7db91de244cd.dir
      size: 138884413
      nfiles: 104
  build_canonical_clima:
    cmd: python scripts/04_build_canonical.py --tipo climatologicas
    deps:
    - path: data/raw/sih_series/climatologicas
      hash: md5
      md5: c8e85094312007484c234c33a8c36464.dir
      size: 1595922588
      nfiles: 2659
    - path: scripts/04_build_canonical.py
      hash: md5
      md5: 9542cdfed071d11ceadca7c7591c2218
      size: 2747
    - path: src/hidroxai_mx
      hash: md5
      md5: 632c9a98297b06811dfc5cd35a9369b8.dir
      size: 148528
      nfiles: 32
    outs:
    - path: data/processed/series_climatologicas.parquet
      hash: md5
      md5: 9dbe013867c13d8c35e4fff55efcca51.dir
      size: 896514913
      nfiles: 150
  build_features:
    cmd: python scripts/07_build_features.py --no-save-tensors
    deps:
    - path: data/processed/estaciones_seleccionadas_climatologicas.csv
      hash: md5
      md5: 7d5abcbcacbd0163acc0fdcddea7e135
      size: 50086
    - path: data/processed/estaciones_seleccionadas_hidrometricas.csv
      hash: md5
      md5: 8bb2510c8195fd3eda7466e4ff677b6e
      size: 13730
    - path: data/processed/series_climatologicas.parquet
      hash: md5
      md5: 9dbe013867c13d8c35e4fff55efcca51.dir
      size: 896514913
      nfiles: 150
    - path: data/processed/series_hidrometricas.parquet
      hash: md5
      md5: 909194c0d4d7ccba9f9b7db91de244cd.dir
      size: 138884413
      nfiles: 104
    - path: scripts/07_build_features.py
      hash: md5
      md5: 83024600d279a1aae23232742e8b652f
      size: 4875
    - path: src/hidroxai_mx/features
      hash: md5
      md5: 68abefae545dd35c61d7024e472096cf.dir
      size: 17242
      nfiles: 2
    outs:
    - path: data/features/feature_table.parquet
      hash: md5
      md5: 8ac1f6224c8ab7ed74e70ac34cd34672
      size: 113612962
