schema: '2.0'
stages:
  catalogs:
    cmd: python scripts/01_download_sih_catalogs.py
    deps:
    - path: conf/sources.yaml
      hash: md5
      md5: ff9d9c68526b0283ca353b540c906bcc
      size: 8224
    - path: scripts/01_download_sih_catalogs.py
      hash: md5
      md5: 98601b776c35ae13d0a3d9c902b2ebc8
      size: 1034
    outs:
    - path: data/raw/sih
      hash: md5
      md5: 9da6c84333defa37c48d23a0abc9dc65.dir
      size: 928941
      nfiles: 2
  select_stations:
    cmd: python scripts/05_select_stations.py
    deps:
    - path: conf/cuencas_piloto.yaml
      hash: md5
      md5: 7e818f21dcae610df12efbcfea57215a
      size: 2454
    - path: data/raw/sih
      hash: md5
      md5: 9da6c84333defa37c48d23a0abc9dc65.dir
      size: 928941
      nfiles: 2
    - path: scripts/05_select_stations.py
      hash: md5
      md5: b4b337700a58826e5788d19ed9818490
      size: 5521
    outs:
    - path: data/processed/estaciones_candidatas_climatologicas.csv
      hash: md5
      md5: e82c0b3e9fdf16dc13f67c1835f7da22
      size: 257891
    - path: data/processed/estaciones_candidatas_hidrometricas.csv
      hash: md5
      md5: 410f9480591f6f6fe475a9c63990ac27
      size: 44645
  download_series_hidro:
    cmd: python scripts/03_download_sih_series.py --tipo hidrometricas
    deps:
    - path: data/processed/estaciones_candidatas_hidrometricas.csv
      hash: md5
      md5: 410f9480591f6f6fe475a9c63990ac27
      size: 44645
    - path: scripts/03_download_sih_series.py
      hash: md5
      md5: 66d73cf5a18466c9ff860ae49573b05a
      size: 1536
    outs:
    - path: data/raw/sih_series/hidrometricas
      hash: md5
      md5: fff92fa722c2d3c3f77649068ceae4e8.dir
      size: 181680906
      nfiles: 547
  download_series_clima:
    cmd: python scripts/03_download_sih_series.py --tipo climatologicas
    deps:
    - path: data/processed/estaciones_candidatas_climatologicas.csv
      hash: md5
      md5: e82c0b3e9fdf16dc13f67c1835f7da22
      size: 257891
    - path: scripts/03_download_sih_series.py
      hash: md5
      md5: 66d73cf5a18466c9ff860ae49573b05a
      size: 1536
    outs:
    - path: data/raw/sih_series/climatologicas
      hash: md5
      md5: c8e85094312007484c234c33a8c36464.dir
      size: 1595922588
      nfiles: 2659
  build_canonical_hidro:
    cmd: python scripts/04_build_canonical.py --tipo hidrometricas
    deps:
    - path: data/raw/sih_series/hidrometricas
      hash: md5
      md5: fff92fa722c2d3c3f77649068ceae4e8.dir
      size: 181680906
      nfiles: 547
    - path: scripts/04_build_canonical.py
      hash: md5
      md5: caee6dfecbbc41bf3fb36ca3618df487
      size: 2067
    - path: src/hidroxai_mx
      hash: md5
      md5: 4e531e5b08fb88f869176bbd4551dde2.dir
      size: 105035
      nfiles: 32
    outs:
    - path: data/processed/series_hidrometricas.parquet
      hash: md5
      md5: 81152b377aaa0edb648ce4ad011a26bc.dir
      size: 142891675
      nfiles: 197
  build_canonical_clima:
    cmd: python scripts/04_build_canonical.py --tipo climatologicas
    deps:
    - path: data/raw/sih_series/climatologicas
      hash: md5
      md5: c8e85094312007484c234c33a8c36464.dir
      size: 1595922588
      nfiles: 2659
    - path: scripts/04_build_canonical.py
      hash: md5
      md5: caee6dfecbbc41bf3fb36ca3618df487
      size: 2067
    - path: src/hidroxai_mx
      hash: md5
      md5: 4e531e5b08fb88f869176bbd4551dde2.dir
      size: 105035
      nfiles: 32
    outs:
    - path: data/processed/series_climatologicas.parquet
      hash: md5
      md5: d751713988987e9331980363e24189ce.dir
      size: 0
      nfiles: 0
  build_features:
    cmd: python scripts/07_build_features.py --no-save-tensors
    deps:
    - path: data/processed/series_hidrometricas.parquet
      hash: md5
      md5: 81152b377aaa0edb648ce4ad011a26bc.dir
      size: 142891675
      nfiles: 197
    - path: scripts/07_build_features.py
      hash: md5
      md5: f8b93d4b0940e0938e99bc21d1080f7b
      size: 3973
    - path: src/hidroxai_mx/features
      hash: md5
      md5: b120f92c187a7601bc5d349f42d45cd0.dir
      size: 17223
      nfiles: 2
    outs:
    - path: data/features/feature_table.parquet
      hash: md5
      md5: d83e7f7adbcedab0d7db422cf573f908
      size: 182249407
